
Microsoft Visual Studio Solution File, Format Version 12.00
# Visual Studio Version 16
VisualStudioVersion = 16.0.30204.135
MinimumVisualStudioVersion = 10.0.40219.1
Project("{FAE04EC0-301F-11D3-BF4B-00C04F79EFBC}") = "xadrezConsole", "xadrezConsole\xadrezConsole.csproj", "{2765ED93-E4A3-48A4-BDBD-509A4BA102D3}"
EndProject
Global
	GlobalSection(SolutionConfigurationPlatforms) = preSolution
		Debug|Any CPU = Debug|Any CPU
		Release|Any CPU = Release|Any CPU
	EndGlobalSection
	GlobalSection(ProjectConfigurationPlatforms) = postSolution
		{2765ED93-E4A3-48A4-BDBD-509A4BA102D3}.Debug|Any CPU.ActiveCfg = Debug|Any CPU
		{2765ED93-E4A3-48A4-BDBD-509A4BA102D3}.Debug|Any CPU.Build.0 = Debug|Any CPU
		{2765ED93-E4A3-48A4-BDBD-509A4BA102D3}.Release|Any CPU.ActiveCfg = Release|Any CPU
		{2765ED93-E4A3-48A4-BDBD-509A4BA102D3}.Release|Any CPU.Build.0 = Release|Any CPU
	EndGlobalSection
	GlobalSection(SolutionProperties) = preSolution
		HideSolutionNode = FALSE
	EndGlobalSection
	GlobalSection(ExtensibilityGlobals) = postSolution
		SolutionGuid = {5AAF9AE3-8BE6-4D68-BF58-240612CC1711}
	EndGlobalSection
EndGlobal
